
Microsoft Visual Studio Solution File, Format Version 12.00
# Visual Studio Version 17
VisualStudioVersion = 17.0.32126.317
MinimumVisualStudioVersion = 10.0.40219.1
Project("{FAE04EC0-301F-11D3-BF4B-00C04F79EFBC}") = "gr", "gr\gr.csproj", "{6FCC0973-28AA-4974-A0BA-AE4DBC239D3C}"
EndProject
Global
	GlobalSection(SolutionConfigurationPlatforms) = preSolution
		Debug|Any CPU = Debug|Any CPU
		Release|Any CPU = Release|Any CPU
	EndGlobalSection
	GlobalSection(ProjectConfigurationPlatforms) = postSolution
		{6FCC0973-28AA-4974-A0BA-AE4DBC239D3C}.Debug|Any CPU.ActiveCfg = Debug|Any CPU
		{6FCC0973-28AA-4974-A0BA-AE4DBC239D3C}.Debug|Any CPU.Build.0 = Debug|Any CPU
		{6FCC0973-28AA-4974-A0BA-AE4DBC239D3C}.Release|Any CPU.ActiveCfg = Release|Any CPU
		{6FCC0973-28AA-4974-A0BA-AE4DBC239D3C}.Release|Any CPU.Build.0 = Release|Any CPU
	EndGlobalSection
	GlobalSection(SolutionProperties) = preSolution
		HideSolutionNode = FALSE
	EndGlobalSection
	GlobalSection(ExtensibilityGlobals) = postSolution
		SolutionGuid = {17C448B4-AA55-40AD-8715-01EC890B01C0}
	EndGlobalSection
EndGlobal
